
Microsoft Visual Studio Solution File, Format Version 12.00
# Visual Studio Version 16
VisualStudioVersion = 16.0.29409.12
MinimumVisualStudioVersion = 15.0.26124.0
Project("{9A19103F-16F7-4668-BE54-9A1E7A4F7556}") = "JJ.SmartHome.Core", "src\JJ.SmartHome.Core\JJ.SmartHome.Core.csproj", "{70103F4E-7078-4CC3-AE21-E4408343DE48}"
EndProject
Project("{9A19103F-16F7-4668-BE54-9A1E7A4F7556}") = "JJ.SmartHome.Job", "src\JJ.SmartHome.Job\JJ.SmartHome.Job.csproj", "{BDA78238-B07F-416E-8884-CA64D950C742}"
EndProject
Global
	GlobalSection(SolutionConfigurationPlatforms) = preSolution
		Debug|Any CPU = Debug|Any CPU
		Release|Any CPU = Release|Any CPU
	EndGlobalSection
	GlobalSection(ProjectConfigurationPlatforms) = postSolution
		{70103F4E-7078-4CC3-AE21-E4408343DE48}.Debug|Any CPU.ActiveCfg = Debug|Any CPU
		{70103F4E-7078-4CC3-AE21-E4408343DE48}.Debug|Any CPU.Build.0 = Debug|Any CPU
		{70103F4E-7078-4CC3-AE21-E4408343DE48}.Release|Any CPU.ActiveCfg = Release|Any CPU
		{70103F4E-7078-4CC3-AE21-E4408343DE48}.Release|Any CPU.Build.0 = Release|Any CPU
		{BDA78238-B07F-416E-8884-CA64D950C742}.Debug|Any CPU.ActiveCfg = Debug|Any CPU
		{BDA78238-B07F-416E-8884-CA64D950C742}.Debug|Any CPU.Build.0 = Debug|Any CPU
		{BDA78238-B07F-416E-8884-CA64D950C742}.Release|Any CPU.ActiveCfg = Release|Any CPU
		{BDA78238-B07F-416E-8884-CA64D950C742}.Release|Any CPU.Build.0 = Release|Any CPU
	EndGlobalSection
	GlobalSection(SolutionProperties) = preSolution
		HideSolutionNode = FALSE
	EndGlobalSection
	GlobalSection(ExtensibilityGlobals) = postSolution
		SolutionGuid = {9525A1AD-EE15-4612-A62C-AB343CA93C2F}
	EndGlobalSection
EndGlobal
