
Microsoft Visual Studio Solution File, Format Version 12.00
# Visual Studio Version 17
VisualStudioVersion = 17.4.33122.133
MinimumVisualStudioVersion = 15.0.26124.0
Project("{9A19103F-16F7-4668-BE54-9A1E7A4F7556}") = "JJ.SmartHome.Core", "src\JJ.SmartHome.Core\JJ.SmartHome.Core.csproj", "{70103F4E-7078-4CC3-AE21-E4408343DE48}"
EndProject
Project("{9A19103F-16F7-4668-BE54-9A1E7A4F7556}") = "JJ.SmartHome.Job", "src\JJ.SmartHome.Job\JJ.SmartHome.Job.csproj", "{BDA78238-B07F-416E-8884-CA64D950C742}"
EndProject
Project("{9A19103F-16F7-4668-BE54-9A1E7A4F7556}") = "JJ.SmartHome.Tests", "test\JJ.SmartHome.Tests\JJ.SmartHome.Tests.csproj", "{B8D6ED39-B003-4505-8212-28CF1EC136C2}"
EndProject
Project("{9A19103F-16F7-4668-BE54-9A1E7A4F7556}") = "JJ.SmartHome.Notifications", "src\JJ.SmartHome.Notifications\JJ.SmartHome.Notifications.csproj", "{0A241393-F65E-4A97-AF70-C01CA9B71FAC}"
EndProject
Project("{9A19103F-16F7-4668-BE54-9A1E7A4F7556}") = "JJ.SmartHome.Db", "src\JJ.SmartHome.Db\JJ.SmartHome.Db.csproj", "{BD417668-2AB6-4241-84EE-0342679717C9}"
EndProject
Project("{9A19103F-16F7-4668-BE54-9A1E7A4F7556}") = "JJ.SmartHome.Host", "src\JJ.SmartHome.Host\JJ.SmartHome.Host.csproj", "{72ECDF25-5234-4C14-B857-B625D47CC465}"
EndProject
Global
	GlobalSection(SolutionConfigurationPlatforms) = preSolution
		Debug|Any CPU = Debug|Any CPU
		Release|Any CPU = Release|Any CPU
	EndGlobalSection
	GlobalSection(ProjectConfigurationPlatforms) = postSolution
		{70103F4E-7078-4CC3-AE21-E4408343DE48}.Debug|Any CPU.ActiveCfg = Debug|Any CPU
		{70103F4E-7078-4CC3-AE21-E4408343DE48}.Debug|Any CPU.Build.0 = Debug|Any CPU
		{70103F4E-7078-4CC3-AE21-E4408343DE48}.Release|Any CPU.ActiveCfg = Release|Any CPU
		{70103F4E-7078-4CC3-AE21-E4408343DE48}.Release|Any CPU.Build.0 = Release|Any CPU
		{BDA78238-B07F-416E-8884-CA64D950C742}.Debug|Any CPU.ActiveCfg = Debug|Any CPU
		{BDA78238-B07F-416E-8884-CA64D950C742}.Debug|Any CPU.Build.0 = Debug|Any CPU
		{BDA78238-B07F-416E-8884-CA64D950C742}.Release|Any CPU.ActiveCfg = Release|Any CPU
		{BDA78238-B07F-416E-8884-CA64D950C742}.Release|Any CPU.Build.0 = Release|Any CPU
		{B8D6ED39-B003-4505-8212-28CF1EC136C2}.Debug|Any CPU.ActiveCfg = Debug|Any CPU
		{B8D6ED39-B003-4505-8212-28CF1EC136C2}.Debug|Any CPU.Build.0 = Debug|Any CPU
		{B8D6ED39-B003-4505-8212-28CF1EC136C2}.Release|Any CPU.ActiveCfg = Release|Any CPU
		{B8D6ED39-B003-4505-8212-28CF1EC136C2}.Release|Any CPU.Build.0 = Release|Any CPU
		{0A241393-F65E-4A97-AF70-C01CA9B71FAC}.Debug|Any CPU.ActiveCfg = Debug|Any CPU
		{0A241393-F65E-4A97-AF70-C01CA9B71FAC}.Debug|Any CPU.Build.0 = Debug|Any CPU
		{0A241393-F65E-4A97-AF70-C01CA9B71FAC}.Release|Any CPU.ActiveCfg = Release|Any CPU
		{0A241393-F65E-4A97-AF70-C01CA9B71FAC}.Release|Any CPU.Build.0 = Release|Any CPU
		{BD417668-2AB6-4241-84EE-0342679717C9}.Debug|Any CPU.ActiveCfg = Debug|Any CPU
		{BD417668-2AB6-4241-84EE-0342679717C9}.Debug|Any CPU.Build.0 = Debug|Any CPU
		{BD417668-2AB6-4241-84EE-0342679717C9}.Release|Any CPU.ActiveCfg = Release|Any CPU
		{BD417668-2AB6-4241-84EE-0342679717C9}.Release|Any CPU.Build.0 = Release|Any CPU
		{72ECDF25-5234-4C14-B857-B625D47CC465}.Debug|Any CPU.ActiveCfg = Debug|Any CPU
		{72ECDF25-5234-4C14-B857-B625D47CC465}.Debug|Any CPU.Build.0 = Debug|Any CPU
		{72ECDF25-5234-4C14-B857-B625D47CC465}.Release|Any CPU.ActiveCfg = Release|Any CPU
		{72ECDF25-5234-4C14-B857-B625D47CC465}.Release|Any CPU.Build.0 = Release|Any CPU
	EndGlobalSection
	GlobalSection(SolutionProperties) = preSolution
		HideSolutionNode = FALSE
	EndGlobalSection
	GlobalSection(ExtensibilityGlobals) = postSolution
		SolutionGuid = {9525A1AD-EE15-4612-A62C-AB343CA93C2F}
	EndGlobalSection
EndGlobal
